// !$*UTF8*$!
{
	archiveVersion = 1;
	classes = {
	};
	objectVersion = 56;
	objects = {

/* Begin PBXBuildFile section */
		50276AE92A12574200937E37 /* DrawAStar_v02App.swift in Sources */ = {isa = PBXBuildFile; fileRef = 50276AE82A12574200937E37 /* DrawAStar_v02App.swift */; };
		50276AEB2A12574200937E37 /* ContentView.swift in Sources */ = {isa = PBXBuildFile; fileRef = 50276AEA2A12574200937E37 /* ContentView.swift */; };
		50276AED2A12574400937E37 /* Assets.xcassets in Resources */ = {isa = PBXBuildFile; fileRef = 50276AEC2A12574400937E37 /* Assets.xcassets */; };
		50276AF02A12574400937E37 /* Preview Assets.xcassets in Resources */ = {isa = PBXBuildFile; fileRef = 50276AEF2A12574400937E37 /* Preview Assets.xcassets */; };
		50276AF72A1257F600937E37 /* LessonView.swift in Sources */ = {isa = PBXBuildFile; fileRef = 50276AF62A1257F600937E37 /* LessonView.swift */; };
		50276AF92A12580300937E37 /* StepView.swift in Sources */ = {isa = PBXBuildFile; fileRef = 50276AF82A12580300937E37 /* StepView.swift */; };
		50276AFB2A12581300937E37 /* ListView.swift in Sources */ = {isa = PBXBuildFile; fileRef = 50276AFA2A12581300937E37 /* ListView.swift */; };
		50276AFD2A12581F00937E37 /* StepOneView.swift in Sources */ = {isa = PBXBuildFile; fileRef = 50276AFC2A12581F00937E37 /* StepOneView.swift */; };
		50276AFF2A12582B00937E37 /* MarkView.swift in Sources */ = {isa = PBXBuildFile; fileRef = 50276AFE2A12582A00937E37 /* MarkView.swift */; };
		50276B012A12583400937E37 /* ButtonView.swift in Sources */ = {isa = PBXBuildFile; fileRef = 50276B002A12583400937E37 /* ButtonView.swift */; };
		50276B032A12583D00937E37 /* StepTwoView.swift in Sources */ = {isa = PBXBuildFile; fileRef = 50276B022A12583D00937E37 /* StepTwoView.swift */; };
		50276B052A126D1000937E37 /* AnimationView.swift in Sources */ = {isa = PBXBuildFile; fileRef = 50276B042A126D1000937E37 /* AnimationView.swift */; };
		50276B072A126D4B00937E37 /* StartView.swift in Sources */ = {isa = PBXBuildFile; fileRef = 50276B062A126D4B00937E37 /* StartView.swift */; };
		503EDB982A15A382008446A5 /* StepFourView.swift in Sources */ = {isa = PBXBuildFile; fileRef = 503EDB972A15A382008446A5 /* StepFourView.swift */; };
		503EDB9A2A15B03D008446A5 /* StepFiveView.swift in Sources */ = {isa = PBXBuildFile; fileRef = 503EDB992A15B03D008446A5 /* StepFiveView.swift */; };
		503EDB9C2A15B1D6008446A5 /* DiamondView.swift in Sources */ = {isa = PBXBuildFile; fileRef = 503EDB9B2A15B1D5008446A5 /* DiamondView.swift */; };
		503EDB9E2A15B2F3008446A5 /* StarView.swift in Sources */ = {isa = PBXBuildFile; fileRef = 503EDB9D2A15B2F3008446A5 /* StarView.swift */; };
		50A6FBB22A130B2F0036676C /* StepThreeView.swift in Sources */ = {isa = PBXBuildFile; fileRef = 50A6FBB12A130B2F0036676C /* StepThreeView.swift */; };
/* End PBXBuildFile section */

/* Begin PBXFileReference section */
		50276AE52A12574200937E37 /* DrawAStar_v02.app */ = {isa = PBXFileReference; explicitFileType = wrapper.application; includeInIndex = 0; path = DrawAStar_v02.app; sourceTree = BUILT_PRODUCTS_DIR; };
		50276AE82A12574200937E37 /* DrawAStar_v02App.swift */ = {isa = PBXFileReference; lastKnownFileType = sourcecode.swift; path = DrawAStar_v02App.swift; sourceTree = "<group>"; };
		50276AEA2A12574200937E37 /* ContentView.swift */ = {isa = PBXFileReference; lastKnownFileType = sourcecode.swift; path = ContentView.swift; sourceTree = "<group>"; };
		50276AEC2A12574400937E37 /* Assets.xcassets */ = {isa = PBXFileReference; lastKnownFileType = folder.assetcatalog; path = Assets.xcassets; sourceTree = "<group>"; };
		50276AEF2A12574400937E37 /* Preview Assets.xcassets */ = {isa = PBXFileReference; lastKnownFileType = folder.assetcatalog; path = "Preview Assets.xcassets"; sourceTree = "<group>"; };
		50276AF62A1257F600937E37 /* LessonView.swift */ = {isa = PBXFileReference; fileEncoding = 4; lastKnownFileType = sourcecode.swift; path = LessonView.swift; sourceTree = "<group>"; };
		50276AF82A12580300937E37 /* StepView.swift */ = {isa = PBXFileReference; fileEncoding = 4; lastKnownFileType = sourcecode.swift; path = StepView.swift; sourceTree = "<group>"; };
		50276AFA2A12581300937E37 /* ListView.swift */ = {isa = PBXFileReference; fileEncoding = 4; lastKnownFileType = sourcecode.swift; path = ListView.swift; sourceTree = "<group>"; };
		50276AFC2A12581F00937E37 /* StepOneView.swift */ = {isa = PBXFileReference; fileEncoding = 4; lastKnownFileType = sourcecode.swift; path = StepOneView.swift; sourceTree = "<group>"; };
		50276AFE2A12582A00937E37 /* MarkView.swift */ = {isa = PBXFileReference; fileEncoding = 4; lastKnownFileType = sourcecode.swift; path = MarkView.swift; sourceTree = "<group>"; };
		50276B002A12583400937E37 /* ButtonView.swift */ = {isa = PBXFileReference; fileEncoding = 4; lastKnownFileType = sourcecode.swift; path = ButtonView.swift; sourceTree = "<group>"; };
		50276B022A12583D00937E37 /* StepTwoView.swift */ = {isa = PBXFileReference; fileEncoding = 4; lastKnownFileType = sourcecode.swift; path = StepTwoView.swift; sourceTree = "<group>"; };
		50276B042A126D1000937E37 /* AnimationView.swift */ = {isa = PBXFileReference; lastKnownFileType = sourcecode.swift; path = AnimationView.swift; sourceTree = "<group>"; };
		50276B062A126D4B00937E37 /* StartView.swift */ = {isa = PBXFileReference; lastKnownFileType = sourcecode.swift; path = StartView.swift; sourceTree = "<group>"; };
		503EDB972A15A382008446A5 /* StepFourView.swift */ = {isa = PBXFileReference; lastKnownFileType = sourcecode.swift; path = StepFourView.swift; sourceTree = "<group>"; };
		503EDB992A15B03D008446A5 /* StepFiveView.swift */ = {isa = PBXFileReference; lastKnownFileType = sourcecode.swift; path = StepFiveView.swift; sourceTree = "<group>"; };
		503EDB9B2A15B1D5008446A5 /* DiamondView.swift */ = {isa = PBXFileReference; fileEncoding = 4; lastKnownFileType = sourcecode.swift; path = DiamondView.swift; sourceTree = "<group>"; };
		503EDB9D2A15B2F3008446A5 /* StarView.swift */ = {isa = PBXFileReference; fileEncoding = 4; lastKnownFileType = sourcecode.swift; path = StarView.swift; sourceTree = "<group>"; };
		50A6FBB12A130B2F0036676C /* StepThreeView.swift */ = {isa = PBXFileReference; lastKnownFileType = sourcecode.swift; path = StepThreeView.swift; sourceTree = "<group>"; };
/* End PBXFileReference section */

/* Begin PBXFrameworksBuildPhase section */
		50276AE22A12574200937E37 /* Frameworks */ = {
			isa = PBXFrameworksBuildPhase;
			buildActionMask = 2147483647;
			files = (
			);
			runOnlyForDeploymentPostprocessing = 0;
		};
/* End PBXFrameworksBuildPhase section */

/* Begin PBXGroup section */
		50276ADC2A12574200937E37 = {
			isa = PBXGroup;
			children = (
				50276AE72A12574200937E37 /* DrawAStar_v02 */,
				50276AE62A12574200937E37 /* Products */,
			);
			sourceTree = "<group>";
		};
		50276AE62A12574200937E37 /* Products */ = {
			isa = PBXGroup;
			children = (
				50276AE52A12574200937E37 /* DrawAStar_v02.app */,
			);
			name = Products;
			sourceTree = "<group>";
		};
		50276AE72A12574200937E37 /* DrawAStar_v02 */ = {
			isa = PBXGroup;
			children = (
				50276AE82A12574200937E37 /* DrawAStar_v02App.swift */,
				50276AEA2A12574200937E37 /* ContentView.swift */,
				50276AF62A1257F600937E37 /* LessonView.swift */,
				50276AF82A12580300937E37 /* StepView.swift */,
				50276B062A126D4B00937E37 /* StartView.swift */,
				50276B042A126D1000937E37 /* AnimationView.swift */,
				50276AFC2A12581F00937E37 /* StepOneView.swift */,
				50276B022A12583D00937E37 /* StepTwoView.swift */,
				50A6FBB12A130B2F0036676C /* StepThreeView.swift */,
				503EDB972A15A382008446A5 /* StepFourView.swift */,
				503EDB992A15B03D008446A5 /* StepFiveView.swift */,
				50276AFE2A12582A00937E37 /* MarkView.swift */,
				50276AFA2A12581300937E37 /* ListView.swift */,
				50276B002A12583400937E37 /* ButtonView.swift */,
				503EDB9B2A15B1D5008446A5 /* DiamondView.swift */,
				503EDB9D2A15B2F3008446A5 /* StarView.swift */,
				50276AEC2A12574400937E37 /* Assets.xcassets */,
				50276AEE2A12574400937E37 /* Preview Content */,
			);
			path = DrawAStar_v02;
			sourceTree = "<group>";
		};
		50276AEE2A12574400937E37 /* Preview Content */ = {
			isa = PBXGroup;
			children = (
				50276AEF2A12574400937E37 /* Preview Assets.xcassets */,
			);
			path = "Preview Content";
			sourceTree = "<group>";
		};
/* End PBXGroup section */

/* Begin PBXNativeTarget section */
		50276AE42A12574200937E37 /* DrawAStar_v02 */ = {
			isa = PBXNativeTarget;
			buildConfigurationList = 50276AF32A12574400937E37 /* Build configuration list for PBXNativeTarget "DrawAStar_v02" */;
			buildPhases = (
				50276AE12A12574200937E37 /* Sources */,
				50276AE22A12574200937E37 /* Frameworks */,
				50276AE32A12574200937E37 /* Resources */,
			);
			buildRules = (
			);
			dependencies = (
			);
			name = DrawAStar_v02;
			productName = DrawAStar_v02;
			productReference = 50276AE52A12574200937E37 /* DrawAStar_v02.app */;
			productType = "com.apple.product-type.application";
		};
/* End PBXNativeTarget section */

/* Begin PBXProject section */
		50276ADD2A12574200937E37 /* Project object */ = {
			isa = PBXProject;
			attributes = {
				BuildIndependentTargetsInParallel = 1;
				LastSwiftUpdateCheck = 1420;
				LastUpgradeCheck = 1420;
				TargetAttributes = {
					50276AE42A12574200937E37 = {
						CreatedOnToolsVersion = 14.2;
					};
				};
			};
			buildConfigurationList = 50276AE02A12574200937E37 /* Build configuration list for PBXProject "DrawAStar_v02" */;
			compatibilityVersion = "Xcode 14.0";
			developmentRegion = en;
			hasScannedForEncodings = 0;
			knownRegions = (
				en,
				Base,
			);
			mainGroup = 50276ADC2A12574200937E37;
			productRefGroup = 50276AE62A12574200937E37 /* Products */;
			projectDirPath = "";
			projectRoot = "";
			targets = (
				50276AE42A12574200937E37 /* DrawAStar_v02 */,
			);
		};
/* End PBXProject section */

/* Begin PBXResourcesBuildPhase section */
		50276AE32A12574200937E37 /* Resources */ = {
			isa = PBXResourcesBuildPhase;
			buildActionMask = 2147483647;
			files = (
				50276AF02A12574400937E37 /* Preview Assets.xcassets in Resources */,
				50276AED2A12574400937E37 /* Assets.xcassets in Resources */,
			);
			runOnlyForDeploymentPostprocessing = 0;
		};
/* End PBXResourcesBuildPhase section */

/* Begin PBXSourcesBuildPhase section */
		50276AE12A12574200937E37 /* Sources */ = {
			isa = PBXSourcesBuildPhase;
			buildActionMask = 2147483647;
			files = (
				50276AFF2A12582B00937E37 /* MarkView.swift in Sources */,
				503EDB9C2A15B1D6008446A5 /* DiamondView.swift in Sources */,
				50A6FBB22A130B2F0036676C /* StepThreeView.swift in Sources */,
				503EDB9A2A15B03D008446A5 /* StepFiveView.swift in Sources */,
				50276B072A126D4B00937E37 /* StartView.swift in Sources */,
				50276B052A126D1000937E37 /* AnimationView.swift in Sources */,
				50276AFD2A12581F00937E37 /* StepOneView.swift in Sources */,
				50276B012A12583400937E37 /* ButtonView.swift in Sources */,
				50276AF92A12580300937E37 /* StepView.swift in Sources */,
				503EDB982A15A382008446A5 /* StepFourView.swift in Sources */,
				50276AEB2A12574200937E37 /* ContentView.swift in Sources */,
				50276AFB2A12581300937E37 /* ListView.swift in Sources */,
				50276AF72A1257F600937E37 /* LessonView.swift in Sources */,
				50276B032A12583D00937E37 /* StepTwoView.swift in Sources */,
				503EDB9E2A15B2F3008446A5 /* StarView.swift in Sources */,
				50276AE92A12574200937E37 /* DrawAStar_v02App.swift in Sources */,
			);
			runOnlyForDeploymentPostprocessing = 0;
		};
/* End PBXSourcesBuildPhase section */

/* Begin XCBuildConfiguration section */
		50276AF12A12574400937E37 /* Debug */ = {
			isa = XCBuildConfiguration;
			buildSettings = {
				ALWAYS_SEARCH_USER_PATHS = NO;
				CLANG_ANALYZER_NONNULL = YES;
				CLANG_ANALYZER_NUMBER_OBJECT_CONVERSION = YES_AGGRESSIVE;
				CLANG_CXX_LANGUAGE_STANDARD = "gnu++20";
				CLANG_ENABLE_MODULES = YES;
				CLANG_ENABLE_OBJC_ARC = YES;
				CLANG_ENABLE_OBJC_WEAK = YES;
				CLANG_WARN_BLOCK_CAPTURE_AUTORELEASING = YES;
				CLANG_WARN_BOOL_CONVERSION = YES;
				CLANG_WARN_COMMA = YES;
				CLANG_WARN_CONSTANT_CONVERSION = YES;
				CLANG_WARN_DEPRECATED_OBJC_IMPLEMENTATIONS = YES;
				CLANG_WARN_DIRECT_OBJC_ISA_USAGE = YES_ERROR;
				CLANG_WARN_DOCUMENTATION_COMMENTS = YES;
				CLANG_WARN_EMPTY_BODY = YES;
				CLANG_WARN_ENUM_CONVERSION = YES;
				CLANG_WARN_INFINITE_RECURSION = YES;
				CLANG_WARN_INT_CONVERSION = YES;
				CLANG_WARN_NON_LITERAL_NULL_CONVERSION = YES;
				CLANG_WARN_OBJC_IMPLICIT_RETAIN_SELF = YES;
				CLANG_WARN_OBJC_LITERAL_CONVERSION = YES;
				CLANG_WARN_OBJC_ROOT_CLASS = YES_ERROR;
				CLANG_WARN_QUOTED_INCLUDE_IN_FRAMEWORK_HEADER = YES;
				CLANG_WARN_RANGE_LOOP_ANALYSIS = YES;
				CLANG_WARN_STRICT_PROTOTYPES = YES;
				CLANG_WARN_SUSPICIOUS_MOVE = YES;
				CLANG_WARN_UNGUARDED_AVAILABILITY = YES_AGGRESSIVE;
				CLANG_WARN_UNREACHABLE_CODE = YES;
				CLANG_WARN__DUPLICATE_METHOD_MATCH = YES;
				COPY_PHASE_STRIP = NO;
				DEBUG_INFORMATION_FORMAT = dwarf;
				ENABLE_STRICT_OBJC_MSGSEND = YES;
				ENABLE_TESTABILITY = YES;
				GCC_C_LANGUAGE_STANDARD = gnu11;
				GCC_DYNAMIC_NO_PIC = NO;
				GCC_NO_COMMON_BLOCKS = YES;
				GCC_OPTIMIZATION_LEVEL = 0;
				GCC_PREPROCESSOR_DEFINITIONS = (
					"DEBUG=1",
					"$(inherited)",
				);
				GCC_WARN_64_TO_32_BIT_CONVERSION = YES;
				GCC_WARN_ABOUT_RETURN_TYPE = YES_ERROR;
				GCC_WARN_UNDECLARED_SELECTOR = YES;
				GCC_WARN_UNINITIALIZED_AUTOS = YES_AGGRESSIVE;
				GCC_WARN_UNUSED_FUNCTION = YES;
				GCC_WARN_UNUSED_VARIABLE = YES;
				IPHONEOS_DEPLOYMENT_TARGET = 16.2;
				MTL_ENABLE_DEBUG_INFO = INCLUDE_SOURCE;
				MTL_FAST_MATH = YES;
				ONLY_ACTIVE_ARCH = YES;
				SDKROOT = iphoneos;
				SWIFT_ACTIVE_COMPILATION_CONDITIONS = DEBUG;
				SWIFT_OPTIMIZATION_LEVEL = "-Onone";
			};
			name = Debug;
		};
		50276AF22A12574400937E37 /* Release */ = {
			isa = XCBuildConfiguration;
			buildSettings = {
				ALWAYS_SEARCH_USER_PATHS = NO;
				CLANG_ANALYZER_NONNULL = YES;
				CLANG_ANALYZER_NUMBER_OBJECT_CONVERSION = YES_AGGRESSIVE;
				CLANG_CXX_LANGUAGE_STANDARD = "gnu++20";
				CLANG_ENABLE_MODULES = YES;
				CLANG_ENABLE_OBJC_ARC = YES;
				CLANG_ENABLE_OBJC_WEAK = YES;
				CLANG_WARN_BLOCK_CAPTURE_AUTORELEASING = YES;
				CLANG_WARN_BOOL_CONVERSION = YES;
				CLANG_WARN_COMMA = YES;
				CLANG_WARN_CONSTANT_CONVERSION = YES;
				CLANG_WARN_DEPRECATED_OBJC_IMPLEMENTATIONS = YES;
				CLANG_WARN_DIRECT_OBJC_ISA_USAGE = YES_ERROR;
				CLANG_WARN_DOCUMENTATION_COMMENTS = YES;
				CLANG_WARN_EMPTY_BODY = YES;
				CLANG_WARN_ENUM_CONVERSION = YES;
				CLANG_WARN_INFINITE_RECURSION = YES;
				CLANG_WARN_INT_CONVERSION = YES;
				CLANG_WARN_NON_LITERAL_NULL_CONVERSION = YES;
				CLANG_WARN_OBJC_IMPLICIT_RETAIN_SELF = YES;
				CLANG_WARN_OBJC_LITERAL_CONVERSION = YES;
				CLANG_WARN_OBJC_ROOT_CLASS = YES_ERROR;
				CLANG_WARN_QUOTED_INCLUDE_IN_FRAMEWORK_HEADER = YES;
				CLANG_WARN_RANGE_LOOP_ANALYSIS = YES;
				CLANG_WARN_STRICT_PROTOTYPES = YES;
				CLANG_WARN_SUSPICIOUS_MOVE = YES;
				CLANG_WARN_UNGUARDED_AVAILABILITY = YES_AGGRESSIVE;
				CLANG_WARN_UNREACHABLE_CODE = YES;
				CLANG_WARN__DUPLICATE_METHOD_MATCH = YES;
				COPY_PHASE_STRIP = NO;
				DEBUG_INFORMATION_FORMAT = "dwarf-with-dsym";
				ENABLE_NS_ASSERTIONS = NO;
				ENABLE_STRICT_OBJC_MSGSEND = YES;
				GCC_C_LANGUAGE_STANDARD = gnu11;
				GCC_NO_COMMON_BLOCKS = YES;
				GCC_WARN_64_TO_32_BIT_CONVERSION = YES;
				GCC_WARN_ABOUT_RETURN_TYPE = YES_ERROR;
				GCC_WARN_UNDECLARED_SELECTOR = YES;
				GCC_WARN_UNINITIALIZED_AUTOS = YES_AGGRESSIVE;
				GCC_WARN_UNUSED_FUNCTION = YES;
				GCC_WARN_UNUSED_VARIABLE = YES;
				IPHONEOS_DEPLOYMENT_TARGET = 16.2;
				MTL_ENABLE_DEBUG_INFO = NO;
				MTL_FAST_MATH = YES;
				SDKROOT = iphoneos;
				SWIFT_COMPILATION_MODE = wholemodule;
				SWIFT_OPTIMIZATION_LEVEL = "-O";
				VALIDATE_PRODUCT = YES;
			};
			name = Release;
		};
		50276AF42A12574400937E37 /* Debug */ = {
			isa = XCBuildConfiguration;
			buildSettings = {
				ASSETCATALOG_COMPILER_APPICON_NAME = AppIcon;
				ASSETCATALOG_COMPILER_GLOBAL_ACCENT_COLOR_NAME = AccentColor;
				CODE_SIGN_STYLE = Automatic;
				CURRENT_PROJECT_VERSION = 1;
				DEVELOPMENT_ASSET_PATHS = "\"DrawAStar_v02/Preview Content\"";
				DEVELOPMENT_TEAM = PT982DDMHZ;
				ENABLE_PREVIEWS = YES;
				GENERATE_INFOPLIST_FILE = YES;
				INFOPLIST_KEY_UIApplicationSceneManifest_Generation = YES;
				INFOPLIST_KEY_UIApplicationSupportsIndirectInputEvents = YES;
				INFOPLIST_KEY_UILaunchScreen_Generation = YES;
				INFOPLIST_KEY_UISupportedInterfaceOrientations_iPad = "UIInterfaceOrientationPortrait UIInterfaceOrientationPortraitUpsideDown UIInterfaceOrientationLandscapeLeft UIInterfaceOrientationLandscapeRight";
				INFOPLIST_KEY_UISupportedInterfaceOrientations_iPhone = "UIInterfaceOrientationPortrait UIInterfaceOrientationLandscapeLeft UIInterfaceOrientationLandscapeRight";
				LD_RUNPATH_SEARCH_PATHS = (
					"$(inherited)",
					"@executable_path/Frameworks",
				);
				MARKETING_VERSION = 1.0;
				PRODUCT_BUNDLE_IDENTIFIER = "MPol.DrawAStar-v02";
				PRODUCT_NAME = "$(TARGET_NAME)";
				SWIFT_EMIT_LOC_STRINGS = YES;
				SWIFT_VERSION = 5.0;
				TARGETED_DEVICE_FAMILY = "1,2";
			};
			name = Debug;
		};
		50276AF52A12574400937E37 /* Release */ = {
			isa = XCBuildConfiguration;
			buildSettings = {
				ASSETCATALOG_COMPILER_APPICON_NAME = AppIcon;
				ASSETCATALOG_COMPILER_GLOBAL_ACCENT_COLOR_NAME = AccentColor;
				CODE_SIGN_STYLE = Automatic;
				CURRENT_PROJECT_VERSION = 1;
				DEVELOPMENT_ASSET_PATHS = "\"DrawAStar_v02/Preview Content\"";
				DEVELOPMENT_TEAM = PT982DDMHZ;
				ENABLE_PREVIEWS = YES;
				GENERATE_INFOPLIST_FILE = YES;
				INFOPLIST_KEY_UIApplicationSceneManifest_Generation = YES;
				INFOPLIST_KEY_UIApplicationSupportsIndirectInputEvents = YES;
				INFOPLIST_KEY_UILaunchScreen_Generation = YES;
				INFOPLIST_KEY_UISupportedInterfaceOrientations_iPad = "UIInterfaceOrientationPortrait UIInterfaceOrientationPortraitUpsideDown UIInterfaceOrientationLandscapeLeft UIInterfaceOrientationLandscapeRight";
				INFOPLIST_KEY_UISupportedInterfaceOrientations_iPhone = "UIInterfaceOrientationPortrait UIInterfaceOrientationLandscapeLeft UIInterfaceOrientationLandscapeRight";
				LD_RUNPATH_SEARCH_PATHS = (
					"$(inherited)",
					"@executable_path/Frameworks",
				);
				MARKETING_VERSION = 1.0;
				PRODUCT_BUNDLE_IDENTIFIER = "MPol.DrawAStar-v02";
				PRODUCT_NAME = "$(TARGET_NAME)";
				SWIFT_EMIT_LOC_STRINGS = YES;
				SWIFT_VERSION = 5.0;
				TARGETED_DEVICE_FAMILY = "1,2";
			};
			name = Release;
		};
/* End XCBuildConfiguration section */

/* Begin XCConfigurationList section */
		50276AE02A12574200937E37 /* Build configuration list for PBXProject "DrawAStar_v02" */ = {
			isa = XCConfigurationList;
			buildConfigurations = (
				50276AF12A12574400937E37 /* Debug */,
				50276AF22A12574400937E37 /* Release */,
			);
			defaultConfigurationIsVisible = 0;
			defaultConfigurationName = Release;
		};
		50276AF32A12574400937E37 /* Build configuration list for PBXNativeTarget "DrawAStar_v02" */ = {
			isa = XCConfigurationList;
			buildConfigurations = (
				50276AF42A12574400937E37 /* Debug */,
				50276AF52A12574400937E37 /* Release */,
			);
			defaultConfigurationIsVisible = 0;
			defaultConfigurationName = Release;
		};
/* End XCConfigurationList section */
	};
	rootObject = 50276ADD2A12574200937E37 /* Project object */;
}
